{
  "name": "avimoji_node",
  "version": "1.0.0",
  "lockfileVersion": 1,
  "requires": true,
  "dependencies": {
    "image-size": {
      "version": "0.7.4",
      "resolved": "https://registry.npmjs.org/image-size/-/image-size-0.7.4.tgz",
      "integrity": "sha512-GqPgxs+VkOr12aWwjSkyRzf5atzObWpFtiRuDgxCl2I/SDpZOKZFRD3iIAeAN6/usmn8SeLWRt7a8JRYK0Whbw=="
    }
  }
}
